
Microsoft Visual Studio Solution File, Format Version 12.00
Project("{2150E333-8FDC-42A3-9474-1A3956D46DE8}") = "SRC", "SRC", "{027B0427-A40A-4F9C-869B-18A9D1C4D115}"
EndProject
Project("{2150E333-8FDC-42A3-9474-1A3956D46DE8}") = "CORE", "CORE", "{9906D726-32B2-447F-A40A-ECB007DDB4EA}"
EndProject
Project("{2150E333-8FDC-42A3-9474-1A3956D46DE8}") = "INFRAESTRUCTURE", "INFRAESTRUCTURE", "{138A78A1-8D50-48F9-8682-D8E94274C06F}"
EndProject
Project("{2150E333-8FDC-42A3-9474-1A3956D46DE8}") = "PRESENTATION", "PRESENTATION", "{7C2D3573-E671-4B7C-9B49-9AD2931999CC}"
EndProject
Project("{FAE04EC0-301F-11D3-BF4B-00C04F79EFBC}") = "NETBACKING.CORE.DOMAIN", "NETBACKING.CORE.DOMAIN\NETBACKING.CORE.DOMAIN.csproj", "{23AB8343-4131-44DB-BB2F-78D135D81670}"
EndProject
Project("{FAE04EC0-301F-11D3-BF4B-00C04F79EFBC}") = "NETBACKING.CORE.APPLICATION", "NETBACKING.CORE.APPLICATION\NETBACKING.CORE.APPLICATION.csproj", "{2560F3D6-1A4E-4B53-B819-AAC1BA6B627A}"
EndProject
Project("{FAE04EC0-301F-11D3-BF4B-00C04F79EFBC}") = "NETBACKING.INFRAESTRUCTURE.IDENTITY", "NETBACKING.INFRAESTRUCTURE.IDENTITY\NETBACKING.INFRAESTRUCTURE.IDENTITY.csproj", "{F1678132-AEFE-41D2-9087-218BC368E11B}"
EndProject
Project("{FAE04EC0-301F-11D3-BF4B-00C04F79EFBC}") = "NETBACKING.INFRAESTRUCTURE.PERSISTENCE", "NETBACKING.INFRAESTRUCTURE.PERSISTENCE\NETBACKING.INFRAESTRUCTURE.PERSISTENCE.csproj", "{29F4E3D9-0BDC-4728-99C0-D3DE372D1433}"
EndProject
Project("{FAE04EC0-301F-11D3-BF4B-00C04F79EFBC}") = "NETBACKING.INFRAESTRUCTURE.SHARED", "NETBACKING.INFRAESTRUCTURE.SHARED\NETBACKING.INFRAESTRUCTURE.SHARED.csproj", "{E492327D-7F72-46EC-A255-E0C97E64276A}"
EndProject
Project("{FAE04EC0-301F-11D3-BF4B-00C04F79EFBC}") = "NETBACKING.PRESENTATION.WEBAPP", "NETBACKING.PRESENTATION.WEBAPP\NETBACKING.PRESENTATION.WEBAPP.csproj", "{972C983B-4060-4769-B845-E3C55DF44171}"
EndProject
Project("{2150E333-8FDC-42A3-9474-1A3956D46DE8}") = "WebApp", "WebApp", "{D7CA58D4-8963-49E9-A392-398F6F435873}"
EndProject
Project("{2150E333-8FDC-42A3-9474-1A3956D46DE8}") = "Identity", "Identity", "{4A90C6B0-79AB-499D-819C-77DA8F1B7169}"
EndProject
Project("{2150E333-8FDC-42A3-9474-1A3956D46DE8}") = "Persistence", "Persistence", "{30655651-9EAA-479A-B1D9-699632D07197}"
EndProject
Project("{2150E333-8FDC-42A3-9474-1A3956D46DE8}") = "Shared", "Shared", "{4313B83E-226E-4295-9A7B-C8E49B9362F8}"
EndProject
Project("{2150E333-8FDC-42A3-9474-1A3956D46DE8}") = "Application", "Application", "{24492CC0-9F42-4FD1-935B-18DDAB05DB31}"
EndProject
Project("{2150E333-8FDC-42A3-9474-1A3956D46DE8}") = "Domain", "Domain", "{FCCAB365-81B7-41CF-9701-8A40D2A40E41}"
EndProject
Global
	GlobalSection(SolutionConfigurationPlatforms) = preSolution
		Debug|Any CPU = Debug|Any CPU
		Release|Any CPU = Release|Any CPU
	EndGlobalSection
	GlobalSection(NestedProjects) = preSolution
		{D7CA58D4-8963-49E9-A392-398F6F435873} = {7C2D3573-E671-4B7C-9B49-9AD2931999CC}
		{972C983B-4060-4769-B845-E3C55DF44171} = {D7CA58D4-8963-49E9-A392-398F6F435873}
		{4A90C6B0-79AB-499D-819C-77DA8F1B7169} = {138A78A1-8D50-48F9-8682-D8E94274C06F}
		{F1678132-AEFE-41D2-9087-218BC368E11B} = {4A90C6B0-79AB-499D-819C-77DA8F1B7169}
		{30655651-9EAA-479A-B1D9-699632D07197} = {138A78A1-8D50-48F9-8682-D8E94274C06F}
		{29F4E3D9-0BDC-4728-99C0-D3DE372D1433} = {30655651-9EAA-479A-B1D9-699632D07197}
		{4313B83E-226E-4295-9A7B-C8E49B9362F8} = {138A78A1-8D50-48F9-8682-D8E94274C06F}
		{E492327D-7F72-46EC-A255-E0C97E64276A} = {4313B83E-226E-4295-9A7B-C8E49B9362F8}
		{24492CC0-9F42-4FD1-935B-18DDAB05DB31} = {9906D726-32B2-447F-A40A-ECB007DDB4EA}
		{2560F3D6-1A4E-4B53-B819-AAC1BA6B627A} = {24492CC0-9F42-4FD1-935B-18DDAB05DB31}
		{FCCAB365-81B7-41CF-9701-8A40D2A40E41} = {9906D726-32B2-447F-A40A-ECB007DDB4EA}
		{23AB8343-4131-44DB-BB2F-78D135D81670} = {FCCAB365-81B7-41CF-9701-8A40D2A40E41}
		{9906D726-32B2-447F-A40A-ECB007DDB4EA} = {027B0427-A40A-4F9C-869B-18A9D1C4D115}
		{138A78A1-8D50-48F9-8682-D8E94274C06F} = {027B0427-A40A-4F9C-869B-18A9D1C4D115}
		{7C2D3573-E671-4B7C-9B49-9AD2931999CC} = {027B0427-A40A-4F9C-869B-18A9D1C4D115}
	EndGlobalSection
	GlobalSection(ProjectConfigurationPlatforms) = postSolution
		{23AB8343-4131-44DB-BB2F-78D135D81670}.Debug|Any CPU.ActiveCfg = Debug|Any CPU
		{23AB8343-4131-44DB-BB2F-78D135D81670}.Debug|Any CPU.Build.0 = Debug|Any CPU
		{23AB8343-4131-44DB-BB2F-78D135D81670}.Release|Any CPU.ActiveCfg = Release|Any CPU
		{23AB8343-4131-44DB-BB2F-78D135D81670}.Release|Any CPU.Build.0 = Release|Any CPU
		{2560F3D6-1A4E-4B53-B819-AAC1BA6B627A}.Debug|Any CPU.ActiveCfg = Debug|Any CPU
		{2560F3D6-1A4E-4B53-B819-AAC1BA6B627A}.Debug|Any CPU.Build.0 = Debug|Any CPU
		{2560F3D6-1A4E-4B53-B819-AAC1BA6B627A}.Release|Any CPU.ActiveCfg = Release|Any CPU
		{2560F3D6-1A4E-4B53-B819-AAC1BA6B627A}.Release|Any CPU.Build.0 = Release|Any CPU
		{F1678132-AEFE-41D2-9087-218BC368E11B}.Debug|Any CPU.ActiveCfg = Debug|Any CPU
		{F1678132-AEFE-41D2-9087-218BC368E11B}.Debug|Any CPU.Build.0 = Debug|Any CPU
		{F1678132-AEFE-41D2-9087-218BC368E11B}.Release|Any CPU.ActiveCfg = Release|Any CPU
		{F1678132-AEFE-41D2-9087-218BC368E11B}.Release|Any CPU.Build.0 = Release|Any CPU
		{29F4E3D9-0BDC-4728-99C0-D3DE372D1433}.Debug|Any CPU.ActiveCfg = Debug|Any CPU
		{29F4E3D9-0BDC-4728-99C0-D3DE372D1433}.Debug|Any CPU.Build.0 = Debug|Any CPU
		{29F4E3D9-0BDC-4728-99C0-D3DE372D1433}.Release|Any CPU.ActiveCfg = Release|Any CPU
		{29F4E3D9-0BDC-4728-99C0-D3DE372D1433}.Release|Any CPU.Build.0 = Release|Any CPU
		{E492327D-7F72-46EC-A255-E0C97E64276A}.Debug|Any CPU.ActiveCfg = Debug|Any CPU
		{E492327D-7F72-46EC-A255-E0C97E64276A}.Debug|Any CPU.Build.0 = Debug|Any CPU
		{E492327D-7F72-46EC-A255-E0C97E64276A}.Release|Any CPU.ActiveCfg = Release|Any CPU
		{E492327D-7F72-46EC-A255-E0C97E64276A}.Release|Any CPU.Build.0 = Release|Any CPU
		{972C983B-4060-4769-B845-E3C55DF44171}.Debug|Any CPU.ActiveCfg = Debug|Any CPU
		{972C983B-4060-4769-B845-E3C55DF44171}.Debug|Any CPU.Build.0 = Debug|Any CPU
		{972C983B-4060-4769-B845-E3C55DF44171}.Release|Any CPU.ActiveCfg = Release|Any CPU
		{972C983B-4060-4769-B845-E3C55DF44171}.Release|Any CPU.Build.0 = Release|Any CPU
	EndGlobalSection
EndGlobal
